
Microsoft Visual Studio Solution File, Format Version 12.00
Project("{FAE04EC0-301F-11D3-BF4B-00C04F79EFBC}") = "Experimental.Channels", "Experimental.Channels\Experimental.Channels.csproj", "{61DD6071-9DC6-4782-B5C6-AF29B3C37F1C}"
EndProject
Project("{FAE04EC0-301F-11D3-BF4B-00C04F79EFBC}") = "Experimental.Mappings", "Experimental.Mappings\Experimental.Mappings.csproj", "{A1593450-6741-4E58-A73C-B50B0168B9EC}"
EndProject
Project("{FAE04EC0-301F-11D3-BF4B-00C04F79EFBC}") = "Experimental.Docker", "Experimental.Docker\Experimental.Docker.csproj", "{844C7C0A-74E0-4A5E-BB31-E195BF4B4A9D}"
EndProject
Global
	GlobalSection(SolutionConfigurationPlatforms) = preSolution
		Debug|Any CPU = Debug|Any CPU
		Release|Any CPU = Release|Any CPU
	EndGlobalSection
	GlobalSection(ProjectConfigurationPlatforms) = postSolution
		{61DD6071-9DC6-4782-B5C6-AF29B3C37F1C}.Debug|Any CPU.ActiveCfg = Debug|Any CPU
		{61DD6071-9DC6-4782-B5C6-AF29B3C37F1C}.Debug|Any CPU.Build.0 = Debug|Any CPU
		{61DD6071-9DC6-4782-B5C6-AF29B3C37F1C}.Release|Any CPU.ActiveCfg = Release|Any CPU
		{61DD6071-9DC6-4782-B5C6-AF29B3C37F1C}.Release|Any CPU.Build.0 = Release|Any CPU
		{A1593450-6741-4E58-A73C-B50B0168B9EC}.Debug|Any CPU.ActiveCfg = Debug|Any CPU
		{A1593450-6741-4E58-A73C-B50B0168B9EC}.Debug|Any CPU.Build.0 = Debug|Any CPU
		{A1593450-6741-4E58-A73C-B50B0168B9EC}.Release|Any CPU.ActiveCfg = Release|Any CPU
		{A1593450-6741-4E58-A73C-B50B0168B9EC}.Release|Any CPU.Build.0 = Release|Any CPU
		{844C7C0A-74E0-4A5E-BB31-E195BF4B4A9D}.Debug|Any CPU.ActiveCfg = Debug|Any CPU
		{844C7C0A-74E0-4A5E-BB31-E195BF4B4A9D}.Debug|Any CPU.Build.0 = Debug|Any CPU
		{844C7C0A-74E0-4A5E-BB31-E195BF4B4A9D}.Release|Any CPU.ActiveCfg = Release|Any CPU
		{844C7C0A-74E0-4A5E-BB31-E195BF4B4A9D}.Release|Any CPU.Build.0 = Release|Any CPU
	EndGlobalSection
EndGlobal
